
Microsoft Visual Studio Solution File, Format Version 12.00
# Visual Studio Version 16
VisualStudioVersion = 16.0.30907.101
MinimumVisualStudioVersion = 10.0.40219.1
Project("{FAE04EC0-301F-11D3-BF4B-00C04F79EFBC}") = "DeletarArquivos", "DeletarArquivos\DeletarArquivos.csproj", "{FD403147-D039-49ED-A0FD-FC047F0D786F}"
EndProject
Global
	GlobalSection(SolutionConfigurationPlatforms) = preSolution
		Debug|Any CPU = Debug|Any CPU
		Debug|x64 = Debug|x64
		Release|Any CPU = Release|Any CPU
		Release|x64 = Release|x64
	EndGlobalSection
	GlobalSection(ProjectConfigurationPlatforms) = postSolution
		{FD403147-D039-49ED-A0FD-FC047F0D786F}.Debug|Any CPU.ActiveCfg = Debug|Any CPU
		{FD403147-D039-49ED-A0FD-FC047F0D786F}.Debug|Any CPU.Build.0 = Debug|Any CPU
		{FD403147-D039-49ED-A0FD-FC047F0D786F}.Debug|x64.ActiveCfg = Debug|x64
		{FD403147-D039-49ED-A0FD-FC047F0D786F}.Debug|x64.Build.0 = Debug|x64
		{FD403147-D039-49ED-A0FD-FC047F0D786F}.Release|Any CPU.ActiveCfg = Release|Any CPU
		{FD403147-D039-49ED-A0FD-FC047F0D786F}.Release|Any CPU.Build.0 = Release|Any CPU
		{FD403147-D039-49ED-A0FD-FC047F0D786F}.Release|x64.ActiveCfg = Release|x64
		{FD403147-D039-49ED-A0FD-FC047F0D786F}.Release|x64.Build.0 = Release|x64
	EndGlobalSection
	GlobalSection(SolutionProperties) = preSolution
		HideSolutionNode = FALSE
	EndGlobalSection
	GlobalSection(ExtensibilityGlobals) = postSolution
		SolutionGuid = {DAFFFC67-F545-4B28-902D-2D11950D9605}
	EndGlobalSection
EndGlobal
